# This file is automatically @generated by Poetry 1.8.3 and should not be changed by hand.

[[package]]
name = "product"
version = "0.1.1.1"
description = ""
optional = false
python-versions = "*"
files = [
    {file = "product-0.1.1.1-py2-none-any.whl", hash = "sha256:7922ab1b27ec4d5b80fe769b04810ca7855cbf9f3e02646c8b0575379d2a26a9"},
    {file = "product-0.1.1.1.tar.gz", hash = "sha256:a78873fc640e4de4d47346a05e19f6d4318b66a47b65307cd753d4e514e2ce13"},
]

[metadata]
lock-version = "2.0"
python-versions = "^3.12"
content-hash = "f39299853974db0b31b4fd154102278d23512885c389ba317b9c055ff3a3d21a"
